// !$*UTF8*$!
{
	archiveVersion = 1;
	classes = {
	};
	objectVersion = 46;
	objects = {

/* Begin PBXBuildFile section */
		0F74F6F01B0002C400F963E0 /* AppDelegate.swift in Sources */ = {isa = PBXBuildFile; fileRef = 0F74F6EF1B0002C400F963E0 /* AppDelegate.swift */; };
		0F74F6F71B0002C400F963E0 /* Images.xcassets in Resources */ = {isa = PBXBuildFile; fileRef = 0F74F6F61B0002C400F963E0 /* Images.xcassets */; };
		0F74F6FA1B0002C400F963E0 /* LaunchScreen.xib in Resources */ = {isa = PBXBuildFile; fileRef = 0F74F6F81B0002C400F963E0 /* LaunchScreen.xib */; };
		0F74F7061B0002C400F963E0 /* SwiftGoalTests.swift in Sources */ = {isa = PBXBuildFile; fileRef = 0F74F7051B0002C400F963E0 /* SwiftGoalTests.swift */; };
		0F74F7121B00053D00F963E0 /* MatchesViewController.swift in Sources */ = {isa = PBXBuildFile; fileRef = 0F74F7111B00053D00F963E0 /* MatchesViewController.swift */; };
		0F74F7141B00058D00F963E0 /* MatchesViewModel.swift in Sources */ = {isa = PBXBuildFile; fileRef = 0F74F7131B00058D00F963E0 /* MatchesViewModel.swift */; };
		0F74F7171B0009B300F963E0 /* Store.swift in Sources */ = {isa = PBXBuildFile; fileRef = 0F74F7161B0009B300F963E0 /* Store.swift */; };
/* End PBXBuildFile section */

/* Begin PBXContainerItemProxy section */
		0F74F7001B0002C400F963E0 /* PBXContainerItemProxy */ = {
			isa = PBXContainerItemProxy;
			containerPortal = 0F74F6E21B0002C400F963E0 /* Project object */;
			proxyType = 1;
			remoteGlobalIDString = 0F74F6E91B0002C400F963E0;
			remoteInfo = SwiftGoal;
		};
/* End PBXContainerItemProxy section */

/* Begin PBXFileReference section */
		0F74F6EA1B0002C400F963E0 /* SwiftGoal.app */ = {isa = PBXFileReference; explicitFileType = wrapper.application; includeInIndex = 0; path = SwiftGoal.app; sourceTree = BUILT_PRODUCTS_DIR; };
		0F74F6EE1B0002C400F963E0 /* Info.plist */ = {isa = PBXFileReference; lastKnownFileType = text.plist.xml; path = Info.plist; sourceTree = "<group>"; };
		0F74F6EF1B0002C400F963E0 /* AppDelegate.swift */ = {isa = PBXFileReference; lastKnownFileType = sourcecode.swift; path = AppDelegate.swift; sourceTree = "<group>"; };
		0F74F6F61B0002C400F963E0 /* Images.xcassets */ = {isa = PBXFileReference; lastKnownFileType = folder.assetcatalog; path = Images.xcassets; sourceTree = "<group>"; };
		0F74F6F91B0002C400F963E0 /* Base */ = {isa = PBXFileReference; lastKnownFileType = file.xib; name = Base; path = Base.lproj/LaunchScreen.xib; sourceTree = "<group>"; };
		0F74F6FF1B0002C400F963E0 /* SwiftGoalTests.xctest */ = {isa = PBXFileReference; explicitFileType = wrapper.cfbundle; includeInIndex = 0; path = SwiftGoalTests.xctest; sourceTree = BUILT_PRODUCTS_DIR; };
		0F74F7041B0002C400F963E0 /* Info.plist */ = {isa = PBXFileReference; lastKnownFileType = text.plist.xml; path = Info.plist; sourceTree = "<group>"; };
		0F74F7051B0002C400F963E0 /* SwiftGoalTests.swift */ = {isa = PBXFileReference; lastKnownFileType = sourcecode.swift; path = SwiftGoalTests.swift; sourceTree = "<group>"; };
		0F74F7111B00053D00F963E0 /* MatchesViewController.swift */ = {isa = PBXFileReference; fileEncoding = 4; lastKnownFileType = sourcecode.swift; path = MatchesViewController.swift; sourceTree = "<group>"; };
		0F74F7131B00058D00F963E0 /* MatchesViewModel.swift */ = {isa = PBXFileReference; fileEncoding = 4; lastKnownFileType = sourcecode.swift; path = MatchesViewModel.swift; sourceTree = "<group>"; };
		0F74F7161B0009B300F963E0 /* Store.swift */ = {isa = PBXFileReference; fileEncoding = 4; lastKnownFileType = sourcecode.swift; path = Store.swift; sourceTree = "<group>"; };
/* End PBXFileReference section */

/* Begin PBXFrameworksBuildPhase section */
		0F74F6E71B0002C400F963E0 /* Frameworks */ = {
			isa = PBXFrameworksBuildPhase;
			buildActionMask = 2147483647;
			files = (
			);
			runOnlyForDeploymentPostprocessing = 0;
		};
		0F74F6FC1B0002C400F963E0 /* Frameworks */ = {
			isa = PBXFrameworksBuildPhase;
			buildActionMask = 2147483647;
			files = (
			);
			runOnlyForDeploymentPostprocessing = 0;
		};
/* End PBXFrameworksBuildPhase section */

/* Begin PBXGroup section */
		0F74F6E11B0002C400F963E0 = {
			isa = PBXGroup;
			children = (
				0F74F6EC1B0002C400F963E0 /* SwiftGoal */,
				0F74F7021B0002C400F963E0 /* SwiftGoalTests */,
				0F74F6EB1B0002C400F963E0 /* Products */,
			);
			sourceTree = "<group>";
		};
		0F74F6EB1B0002C400F963E0 /* Products */ = {
			isa = PBXGroup;
			children = (
				0F74F6EA1B0002C400F963E0 /* SwiftGoal.app */,
				0F74F6FF1B0002C400F963E0 /* SwiftGoalTests.xctest */,
			);
			name = Products;
			sourceTree = "<group>";
		};
		0F74F6EC1B0002C400F963E0 /* SwiftGoal */ = {
			isa = PBXGroup;
			children = (
				0F74F6EF1B0002C400F963E0 /* AppDelegate.swift */,
				0F74F6F61B0002C400F963E0 /* Images.xcassets */,
				0F74F6F81B0002C400F963E0 /* LaunchScreen.xib */,
				0F74F70F1B0004EE00F963E0 /* Views */,
				0F74F7101B0004FD00F963E0 /* ViewModels */,
				0F74F7151B00096000F963E0 /* Stores */,
				0F74F6ED1B0002C400F963E0 /* Supporting Files */,
			);
			path = SwiftGoal;
			sourceTree = "<group>";
		};
		0F74F6ED1B0002C400F963E0 /* Supporting Files */ = {
			isa = PBXGroup;
			children = (
				0F74F6EE1B0002C400F963E0 /* Info.plist */,
			);
			name = "Supporting Files";
			sourceTree = "<group>";
		};
		0F74F7021B0002C400F963E0 /* SwiftGoalTests */ = {
			isa = PBXGroup;
			children = (
				0F74F7051B0002C400F963E0 /* SwiftGoalTests.swift */,
				0F74F7031B0002C400F963E0 /* Supporting Files */,
			);
			path = SwiftGoalTests;
			sourceTree = "<group>";
		};
		0F74F7031B0002C400F963E0 /* Supporting Files */ = {
			isa = PBXGroup;
			children = (
				0F74F7041B0002C400F963E0 /* Info.plist */,
			);
			name = "Supporting Files";
			sourceTree = "<group>";
		};
		0F74F70F1B0004EE00F963E0 /* Views */ = {
			isa = PBXGroup;
			children = (
				0F74F7111B00053D00F963E0 /* MatchesViewController.swift */,
			);
			path = Views;
			sourceTree = "<group>";
		};
		0F74F7101B0004FD00F963E0 /* ViewModels */ = {
			isa = PBXGroup;
			children = (
				0F74F7131B00058D00F963E0 /* MatchesViewModel.swift */,
			);
			path = ViewModels;
			sourceTree = "<group>";
		};
		0F74F7151B00096000F963E0 /* Stores */ = {
			isa = PBXGroup;
			children = (
				0F74F7161B0009B300F963E0 /* Store.swift */,
			);
			path = Stores;
			sourceTree = "<group>";
		};
/* End PBXGroup section */

/* Begin PBXNativeTarget section */
		0F74F6E91B0002C400F963E0 /* SwiftGoal */ = {
			isa = PBXNativeTarget;
			buildConfigurationList = 0F74F7091B0002C400F963E0 /* Build configuration list for PBXNativeTarget "SwiftGoal" */;
			buildPhases = (
				0F74F6E61B0002C400F963E0 /* Sources */,
				0F74F6E71B0002C400F963E0 /* Frameworks */,
				0F74F6E81B0002C400F963E0 /* Resources */,
			);
			buildRules = (
			);
			dependencies = (
			);
			name = SwiftGoal;
			productName = SwiftGoal;
			productReference = 0F74F6EA1B0002C400F963E0 /* SwiftGoal.app */;
			productType = "com.apple.product-type.application";
		};
		0F74F6FE1B0002C400F963E0 /* SwiftGoalTests */ = {
			isa = PBXNativeTarget;
			buildConfigurationList = 0F74F70C1B0002C400F963E0 /* Build configuration list for PBXNativeTarget "SwiftGoalTests" */;
			buildPhases = (
				0F74F6FB1B0002C400F963E0 /* Sources */,
				0F74F6FC1B0002C400F963E0 /* Frameworks */,
				0F74F6FD1B0002C400F963E0 /* Resources */,
			);
			buildRules = (
			);
			dependencies = (
				0F74F7011B0002C400F963E0 /* PBXTargetDependency */,
			);
			name = SwiftGoalTests;
			productName = SwiftGoalTests;
			productReference = 0F74F6FF1B0002C400F963E0 /* SwiftGoalTests.xctest */;
			productType = "com.apple.product-type.bundle.unit-test";
		};
/* End PBXNativeTarget section */

/* Begin PBXProject section */
		0F74F6E21B0002C400F963E0 /* Project object */ = {
			isa = PBXProject;
			attributes = {
				LastUpgradeCheck = 0630;
				ORGANIZATIONNAME = "Martin Richter";
				TargetAttributes = {
					0F74F6E91B0002C400F963E0 = {
						CreatedOnToolsVersion = 6.3.1;
					};
					0F74F6FE1B0002C400F963E0 = {
						CreatedOnToolsVersion = 6.3.1;
						TestTargetID = 0F74F6E91B0002C400F963E0;
					};
				};
			};
			buildConfigurationList = 0F74F6E51B0002C400F963E0 /* Build configuration list for PBXProject "SwiftGoal" */;
			compatibilityVersion = "Xcode 3.2";
			developmentRegion = English;
			hasScannedForEncodings = 0;
			knownRegions = (
				en,
				Base,
			);
			mainGroup = 0F74F6E11B0002C400F963E0;
			productRefGroup = 0F74F6EB1B0002C400F963E0 /* Products */;
			projectDirPath = "";
			projectRoot = "";
			targets = (
				0F74F6E91B0002C400F963E0 /* SwiftGoal */,
				0F74F6FE1B0002C400F963E0 /* SwiftGoalTests */,
			);
		};
/* End PBXProject section */

/* Begin PBXResourcesBuildPhase section */
		0F74F6E81B0002C400F963E0 /* Resources */ = {
			isa = PBXResourcesBuildPhase;
			buildActionMask = 2147483647;
			files = (
				0F74F6FA1B0002C400F963E0 /* LaunchScreen.xib in Resources */,
				0F74F6F71B0002C400F963E0 /* Images.xcassets in Resources */,
			);
			runOnlyForDeploymentPostprocessing = 0;
		};
		0F74F6FD1B0002C400F963E0 /* Resources */ = {
			isa = PBXResourcesBuildPhase;
			buildActionMask = 2147483647;
			files = (
			);
			runOnlyForDeploymentPostprocessing = 0;
		};
/* End PBXResourcesBuildPhase section */

/* Begin PBXSourcesBuildPhase section */
		0F74F6E61B0002C400F963E0 /* Sources */ = {
			isa = PBXSourcesBuildPhase;
			buildActionMask = 2147483647;
			files = (
				0F74F7141B00058D00F963E0 /* MatchesViewModel.swift in Sources */,
				0F74F7171B0009B300F963E0 /* Store.swift in Sources */,
				0F74F7121B00053D00F963E0 /* MatchesViewController.swift in Sources */,
				0F74F6F01B0002C400F963E0 /* AppDelegate.swift in Sources */,
			);
			runOnlyForDeploymentPostprocessing = 0;
		};
		0F74F6FB1B0002C400F963E0 /* Sources */ = {
			isa = PBXSourcesBuildPhase;
			buildActionMask = 2147483647;
			files = (
				0F74F7061B0002C400F963E0 /* SwiftGoalTests.swift in Sources */,
			);
			runOnlyForDeploymentPostprocessing = 0;
		};
/* End PBXSourcesBuildPhase section */

/* Begin PBXTargetDependency section */
		0F74F7011B0002C400F963E0 /* PBXTargetDependency */ = {
			isa = PBXTargetDependency;
			target = 0F74F6E91B0002C400F963E0 /* SwiftGoal */;
			targetProxy = 0F74F7001B0002C400F963E0 /* PBXContainerItemProxy */;
		};
/* End PBXTargetDependency section */

/* Begin PBXVariantGroup section */
		0F74F6F81B0002C400F963E0 /* LaunchScreen.xib */ = {
			isa = PBXVariantGroup;
			children = (
				0F74F6F91B0002C400F963E0 /* Base */,
			);
			name = LaunchScreen.xib;
			sourceTree = "<group>";
		};
/* End PBXVariantGroup section */

/* Begin XCBuildConfiguration section */
		0F74F7071B0002C400F963E0 /* Debug */ = {
			isa = XCBuildConfiguration;
			buildSettings = {
				ALWAYS_SEARCH_USER_PATHS = NO;
				CLANG_CXX_LANGUAGE_STANDARD = "gnu++0x";
				CLANG_CXX_LIBRARY = "libc++";
				CLANG_ENABLE_MODULES = YES;
				CLANG_ENABLE_OBJC_ARC = YES;
				CLANG_WARN_BOOL_CONVERSION = YES;
				CLANG_WARN_CONSTANT_CONVERSION = YES;
				CLANG_WARN_DIRECT_OBJC_ISA_USAGE = YES_ERROR;
				CLANG_WARN_EMPTY_BODY = YES;
				CLANG_WARN_ENUM_CONVERSION = YES;
				CLANG_WARN_INT_CONVERSION = YES;
				CLANG_WARN_OBJC_ROOT_CLASS = YES_ERROR;
				CLANG_WARN_UNREACHABLE_CODE = YES;
				CLANG_WARN__DUPLICATE_METHOD_MATCH = YES;
				"CODE_SIGN_IDENTITY[sdk=iphoneos*]" = "iPhone Developer";
				COPY_PHASE_STRIP = NO;
				DEBUG_INFORMATION_FORMAT = "dwarf-with-dsym";
				ENABLE_STRICT_OBJC_MSGSEND = YES;
				GCC_C_LANGUAGE_STANDARD = gnu99;
				GCC_DYNAMIC_NO_PIC = NO;
				GCC_NO_COMMON_BLOCKS = YES;
				GCC_OPTIMIZATION_LEVEL = 0;
				GCC_PREPROCESSOR_DEFINITIONS = (
					"DEBUG=1",
					"$(inherited)",
				);
				GCC_SYMBOLS_PRIVATE_EXTERN = NO;
				GCC_WARN_64_TO_32_BIT_CONVERSION = YES;
				GCC_WARN_ABOUT_RETURN_TYPE = YES_ERROR;
				GCC_WARN_UNDECLARED_SELECTOR = YES;
				GCC_WARN_UNINITIALIZED_AUTOS = YES_AGGRESSIVE;
				GCC_WARN_UNUSED_FUNCTION = YES;
				GCC_WARN_UNUSED_VARIABLE = YES;
				IPHONEOS_DEPLOYMENT_TARGET = 8.3;
				MTL_ENABLE_DEBUG_INFO = YES;
				ONLY_ACTIVE_ARCH = YES;
				SDKROOT = iphoneos;
				SWIFT_OPTIMIZATION_LEVEL = "-Onone";
				TARGETED_DEVICE_FAMILY = "1,2";
			};
			name = Debug;
		};
		0F74F7081B0002C400F963E0 /* Release */ = {
			isa = XCBuildConfiguration;
			buildSettings = {
				ALWAYS_SEARCH_USER_PATHS = NO;
				CLANG_CXX_LANGUAGE_STANDARD = "gnu++0x";
				CLANG_CXX_LIBRARY = "libc++";
				CLANG_ENABLE_MODULES = YES;
				CLANG_ENABLE_OBJC_ARC = YES;
				CLANG_WARN_BOOL_CONVERSION = YES;
				CLANG_WARN_CONSTANT_CONVERSION = YES;
				CLANG_WARN_DIRECT_OBJC_ISA_USAGE = YES_ERROR;
				CLANG_WARN_EMPTY_BODY = YES;
				CLANG_WARN_ENUM_CONVERSION = YES;
				CLANG_WARN_INT_CONVERSION = YES;
				CLANG_WARN_OBJC_ROOT_CLASS = YES_ERROR;
				CLANG_WARN_UNREACHABLE_CODE = YES;
				CLANG_WARN__DUPLICATE_METHOD_MATCH = YES;
				"CODE_SIGN_IDENTITY[sdk=iphoneos*]" = "iPhone Developer";
				COPY_PHASE_STRIP = NO;
				DEBUG_INFORMATION_FORMAT = "dwarf-with-dsym";
				ENABLE_NS_ASSERTIONS = NO;
				ENABLE_STRICT_OBJC_MSGSEND = YES;
				GCC_C_LANGUAGE_STANDARD = gnu99;
				GCC_NO_COMMON_BLOCKS = YES;
				GCC_WARN_64_TO_32_BIT_CONVERSION = YES;
				GCC_WARN_ABOUT_RETURN_TYPE = YES_ERROR;
				GCC_WARN_UNDECLARED_SELECTOR = YES;
				GCC_WARN_UNINITIALIZED_AUTOS = YES_AGGRESSIVE;
				GCC_WARN_UNUSED_FUNCTION = YES;
				GCC_WARN_UNUSED_VARIABLE = YES;
				IPHONEOS_DEPLOYMENT_TARGET = 8.3;
				MTL_ENABLE_DEBUG_INFO = NO;
				SDKROOT = iphoneos;
				TARGETED_DEVICE_FAMILY = "1,2";
				VALIDATE_PRODUCT = YES;
			};
			name = Release;
		};
		0F74F70A1B0002C400F963E0 /* Debug */ = {
			isa = XCBuildConfiguration;
			buildSettings = {
				ASSETCATALOG_COMPILER_APPICON_NAME = AppIcon;
				INFOPLIST_FILE = SwiftGoal/Info.plist;
				LD_RUNPATH_SEARCH_PATHS = "$(inherited) @executable_path/Frameworks";
				PRODUCT_NAME = "$(TARGET_NAME)";
			};
			name = Debug;
		};
		0F74F70B1B0002C400F963E0 /* Release */ = {
			isa = XCBuildConfiguration;
			buildSettings = {
				ASSETCATALOG_COMPILER_APPICON_NAME = AppIcon;
				INFOPLIST_FILE = SwiftGoal/Info.plist;
				LD_RUNPATH_SEARCH_PATHS = "$(inherited) @executable_path/Frameworks";
				PRODUCT_NAME = "$(TARGET_NAME)";
			};
			name = Release;
		};
		0F74F70D1B0002C400F963E0 /* Debug */ = {
			isa = XCBuildConfiguration;
			buildSettings = {
				BUNDLE_LOADER = "$(TEST_HOST)";
				FRAMEWORK_SEARCH_PATHS = (
					"$(SDKROOT)/Developer/Library/Frameworks",
					"$(inherited)",
				);
				GCC_PREPROCESSOR_DEFINITIONS = (
					"DEBUG=1",
					"$(inherited)",
				);
				INFOPLIST_FILE = SwiftGoalTests/Info.plist;
				LD_RUNPATH_SEARCH_PATHS = "$(inherited) @executable_path/Frameworks @loader_path/Frameworks";
				PRODUCT_NAME = "$(TARGET_NAME)";
				TEST_HOST = "$(BUILT_PRODUCTS_DIR)/SwiftGoal.app/SwiftGoal";
			};
			name = Debug;
		};
		0F74F70E1B0002C400F963E0 /* Release */ = {
			isa = XCBuildConfiguration;
			buildSettings = {
				BUNDLE_LOADER = "$(TEST_HOST)";
				FRAMEWORK_SEARCH_PATHS = (
					"$(SDKROOT)/Developer/Library/Frameworks",
					"$(inherited)",
				);
				INFOPLIST_FILE = SwiftGoalTests/Info.plist;
				LD_RUNPATH_SEARCH_PATHS = "$(inherited) @executable_path/Frameworks @loader_path/Frameworks";
				PRODUCT_NAME = "$(TARGET_NAME)";
				TEST_HOST = "$(BUILT_PRODUCTS_DIR)/SwiftGoal.app/SwiftGoal";
			};
			name = Release;
		};
/* End XCBuildConfiguration section */

/* Begin XCConfigurationList section */
		0F74F6E51B0002C400F963E0 /* Build configuration list for PBXProject "SwiftGoal" */ = {
			isa = XCConfigurationList;
			buildConfigurations = (
				0F74F7071B0002C400F963E0 /* Debug */,
				0F74F7081B0002C400F963E0 /* Release */,
			);
			defaultConfigurationIsVisible = 0;
			defaultConfigurationName = Release;
		};
		0F74F7091B0002C400F963E0 /* Build configuration list for PBXNativeTarget "SwiftGoal" */ = {
			isa = XCConfigurationList;
			buildConfigurations = (
				0F74F70A1B0002C400F963E0 /* Debug */,
				0F74F70B1B0002C400F963E0 /* Release */,
			);
			defaultConfigurationIsVisible = 0;
			defaultConfigurationName = Release;
		};
		0F74F70C1B0002C400F963E0 /* Build configuration list for PBXNativeTarget "SwiftGoalTests" */ = {
			isa = XCConfigurationList;
			buildConfigurations = (
				0F74F70D1B0002C400F963E0 /* Debug */,
				0F74F70E1B0002C400F963E0 /* Release */,
			);
			defaultConfigurationIsVisible = 0;
			defaultConfigurationName = Release;
		};
/* End XCConfigurationList section */
	};
	rootObject = 0F74F6E21B0002C400F963E0 /* Project object */;
}
